
Microsoft Visual Studio Solution File, Format Version 12.00
# Visual Studio 15
VisualStudioVersion = 15.0.27703.2042
MinimumVisualStudioVersion = 10.0.40219.1
Project("{9A19103F-16F7-4668-BE54-9A1E7A4F7556}") = "Epiphany.SampleApps.Kafka.Consumer", "Epiphany.SampleApps.Kafka.Consumer\Epiphany.SampleApps.Kafka.Consumer.csproj", "{26CD24AA-8277-43EF-9DE4-7499A0C221C6}"
EndProject
Project("{9A19103F-16F7-4668-BE54-9A1E7A4F7556}") = "Epiphany.SampleApps.Kafka.Producer", "Epiphany.SampleApps.Kafka.Producer\Epiphany.SampleApps.Kafka.Producer.csproj", "{F5C363FE-A203-4965-AD95-8A3720D0DC50}"
EndProject
Project("{9A19103F-16F7-4668-BE54-9A1E7A4F7556}") = "Epiphany.SampleApps.Kafka.WebProducer", "Epiphany.SampleApps.Kafka.WebProducer\Epiphany.SampleApps.Kafka.WebProducer.csproj", "{6EFCB5B2-80EA-4204-8E7E-144015A43DA6}"
EndProject
Project("{2150E333-8FDC-42A3-9474-1A3956D46DE8}") = "Kafka", "Kafka", "{D91EC406-4433-405C-9686-A55EBD5402F1}"
EndProject
Project("{2150E333-8FDC-42A3-9474-1A3956D46DE8}") = "CronJob", "CronJob", "{319C0193-6840-476F-B0F3-ADA1BE1A0D8C}"
EndProject
Project("{9A19103F-16F7-4668-BE54-9A1E7A4F7556}") = "Epiphany.SampleApps.CronApp", "Epiphany.SampleApps.CronApp\Epiphany.SampleApps.CronApp.csproj", "{9087F972-A43A-457A-BFF6-449675452537}"
EndProject
Project("{2150E333-8FDC-42A3-9474-1A3956D46DE8}") = "Authentication", "Authentication", "{888EDF56-05F1-4B1C-BA8E-D9EEFB0848E2}"
EndProject
Project("{9A19103F-16F7-4668-BE54-9A1E7A4F7556}") = "Epiphany.SampleApps.AuthService", "Epiphany.SampleApps.AuthService\Epiphany.SampleApps.AuthService.csproj", "{8338EB38-63DB-4757-BF94-461BE3034B83}"
EndProject
Global
	GlobalSection(SolutionConfigurationPlatforms) = preSolution
		Debug|Any CPU = Debug|Any CPU
		Release|Any CPU = Release|Any CPU
	EndGlobalSection
	GlobalSection(ProjectConfigurationPlatforms) = postSolution
		{26CD24AA-8277-43EF-9DE4-7499A0C221C6}.Debug|Any CPU.ActiveCfg = Debug|Any CPU
		{26CD24AA-8277-43EF-9DE4-7499A0C221C6}.Debug|Any CPU.Build.0 = Debug|Any CPU
		{26CD24AA-8277-43EF-9DE4-7499A0C221C6}.Release|Any CPU.ActiveCfg = Release|Any CPU
		{26CD24AA-8277-43EF-9DE4-7499A0C221C6}.Release|Any CPU.Build.0 = Release|Any CPU
		{F5C363FE-A203-4965-AD95-8A3720D0DC50}.Debug|Any CPU.ActiveCfg = Debug|Any CPU
		{F5C363FE-A203-4965-AD95-8A3720D0DC50}.Debug|Any CPU.Build.0 = Debug|Any CPU
		{F5C363FE-A203-4965-AD95-8A3720D0DC50}.Release|Any CPU.ActiveCfg = Release|Any CPU
		{F5C363FE-A203-4965-AD95-8A3720D0DC50}.Release|Any CPU.Build.0 = Release|Any CPU
		{6EFCB5B2-80EA-4204-8E7E-144015A43DA6}.Debug|Any CPU.ActiveCfg = Debug|Any CPU
		{6EFCB5B2-80EA-4204-8E7E-144015A43DA6}.Debug|Any CPU.Build.0 = Debug|Any CPU
		{6EFCB5B2-80EA-4204-8E7E-144015A43DA6}.Release|Any CPU.ActiveCfg = Release|Any CPU
		{6EFCB5B2-80EA-4204-8E7E-144015A43DA6}.Release|Any CPU.Build.0 = Release|Any CPU
		{9087F972-A43A-457A-BFF6-449675452537}.Debug|Any CPU.ActiveCfg = Debug|Any CPU
		{9087F972-A43A-457A-BFF6-449675452537}.Debug|Any CPU.Build.0 = Debug|Any CPU
		{9087F972-A43A-457A-BFF6-449675452537}.Release|Any CPU.ActiveCfg = Release|Any CPU
		{9087F972-A43A-457A-BFF6-449675452537}.Release|Any CPU.Build.0 = Release|Any CPU
		{8338EB38-63DB-4757-BF94-461BE3034B83}.Debug|Any CPU.ActiveCfg = Debug|Any CPU
		{8338EB38-63DB-4757-BF94-461BE3034B83}.Debug|Any CPU.Build.0 = Debug|Any CPU
		{8338EB38-63DB-4757-BF94-461BE3034B83}.Release|Any CPU.ActiveCfg = Release|Any CPU
		{8338EB38-63DB-4757-BF94-461BE3034B83}.Release|Any CPU.Build.0 = Release|Any CPU
	EndGlobalSection
	GlobalSection(SolutionProperties) = preSolution
		HideSolutionNode = FALSE
	EndGlobalSection
	GlobalSection(NestedProjects) = preSolution
		{26CD24AA-8277-43EF-9DE4-7499A0C221C6} = {D91EC406-4433-405C-9686-A55EBD5402F1}
		{F5C363FE-A203-4965-AD95-8A3720D0DC50} = {D91EC406-4433-405C-9686-A55EBD5402F1}
		{6EFCB5B2-80EA-4204-8E7E-144015A43DA6} = {D91EC406-4433-405C-9686-A55EBD5402F1}
		{9087F972-A43A-457A-BFF6-449675452537} = {319C0193-6840-476F-B0F3-ADA1BE1A0D8C}
		{8338EB38-63DB-4757-BF94-461BE3034B83} = {888EDF56-05F1-4B1C-BA8E-D9EEFB0848E2}
	EndGlobalSection
	GlobalSection(ExtensibilityGlobals) = postSolution
		SolutionGuid = {94EB69D6-E84E-4E10-8D27-FA9FBB02ABF5}
	EndGlobalSection
EndGlobal
