
Microsoft Visual Studio Solution File, Format Version 12.00
# Visual Studio 15
VisualStudioVersion = 15.0.27428.2011
MinimumVisualStudioVersion = 10.0.40219.1
Project("{E53339B2-1760-4266-BCC7-CA923CBCF16C}") = "docker-compose", "docker-compose.dcproj", "{C701246F-B600-49D9-8152-BD6573E2C0DB}"
EndProject
Project("{2150E333-8FDC-42A3-9474-1A3956D46DE8}") = "kubernetes-configs", "kubernetes-configs", "{484BCC1A-D133-4813-9B87-EC7365371F1D}"
	ProjectSection(SolutionItems) = preProject
		kubernetes-configs\deploy.yml = kubernetes-configs\deploy.yml
	EndProjectSection
EndProject
Project("{9A19103F-16F7-4668-BE54-9A1E7A4F7556}") = "epiphany-web-app", "epiphany-web-app\epiphany-web-app.csproj", "{D25051FA-F82A-4C1F-8D15-847D157B0120}"
EndProject
Global
	GlobalSection(SolutionConfigurationPlatforms) = preSolution
		Debug|Any CPU = Debug|Any CPU
		Release|Any CPU = Release|Any CPU
	EndGlobalSection
	GlobalSection(ProjectConfigurationPlatforms) = postSolution
		{C701246F-B600-49D9-8152-BD6573E2C0DB}.Debug|Any CPU.ActiveCfg = Debug|Any CPU
		{C701246F-B600-49D9-8152-BD6573E2C0DB}.Debug|Any CPU.Build.0 = Debug|Any CPU
		{C701246F-B600-49D9-8152-BD6573E2C0DB}.Release|Any CPU.ActiveCfg = Release|Any CPU
		{C701246F-B600-49D9-8152-BD6573E2C0DB}.Release|Any CPU.Build.0 = Release|Any CPU
		{D25051FA-F82A-4C1F-8D15-847D157B0120}.Debug|Any CPU.ActiveCfg = Debug|Any CPU
		{D25051FA-F82A-4C1F-8D15-847D157B0120}.Debug|Any CPU.Build.0 = Debug|Any CPU
		{D25051FA-F82A-4C1F-8D15-847D157B0120}.Release|Any CPU.ActiveCfg = Release|Any CPU
		{D25051FA-F82A-4C1F-8D15-847D157B0120}.Release|Any CPU.Build.0 = Release|Any CPU
	EndGlobalSection
	GlobalSection(SolutionProperties) = preSolution
		HideSolutionNode = FALSE
	EndGlobalSection
	GlobalSection(ExtensibilityGlobals) = postSolution
		SolutionGuid = {4C83216B-8CF3-4BAA-8834-A14C7AD22D9F}
	EndGlobalSection
EndGlobal
